
Microsoft Visual Studio Solution File, Format Version 12.00
# Visual Studio 15
Project("{FAE04EC0-301F-11D3-BF4B-00C04F79EFBC}") = "Assembly-CSharp", "Assembly-CSharp.csproj", "{9C080787-476A-2A99-5FBC-9C237BB0780C}"
EndProject
Project("{FAE04EC0-301F-11D3-BF4B-00C04F79EFBC}") = "Assembly-CSharp-firstpass", "Assembly-CSharp-firstpass.csproj", "{DB474B05-B081-4EB1-9F55-DFF58ABBE304}"
EndProject
Project("{FAE04EC0-301F-11D3-BF4B-00C04F79EFBC}") = "Assembly-CSharp-Editor", "Assembly-CSharp-Editor.csproj", "{17695B5B-EF19-3FCA-9780-8C8359DC492E}"
EndProject
Global
	GlobalSection(SolutionConfigurationPlatforms) = preSolution
		Debug|Any CPU = Debug|Any CPU
		Release|Any CPU = Release|Any CPU
	EndGlobalSection
	GlobalSection(ProjectConfigurationPlatforms) = postSolution
		{9C080787-476A-2A99-5FBC-9C237BB0780C}.Debug|Any CPU.ActiveCfg = Debug|Any CPU
		{9C080787-476A-2A99-5FBC-9C237BB0780C}.Debug|Any CPU.Build.0 = Debug|Any CPU
		{9C080787-476A-2A99-5FBC-9C237BB0780C}.Release|Any CPU.ActiveCfg = Release|Any CPU
		{9C080787-476A-2A99-5FBC-9C237BB0780C}.Release|Any CPU.Build.0 = Release|Any CPU
		{DB474B05-B081-4EB1-9F55-DFF58ABBE304}.Debug|Any CPU.ActiveCfg = Debug|Any CPU
		{DB474B05-B081-4EB1-9F55-DFF58ABBE304}.Debug|Any CPU.Build.0 = Debug|Any CPU
		{DB474B05-B081-4EB1-9F55-DFF58ABBE304}.Release|Any CPU.ActiveCfg = Release|Any CPU
		{DB474B05-B081-4EB1-9F55-DFF58ABBE304}.Release|Any CPU.Build.0 = Release|Any CPU
		{17695B5B-EF19-3FCA-9780-8C8359DC492E}.Debug|Any CPU.ActiveCfg = Debug|Any CPU
		{17695B5B-EF19-3FCA-9780-8C8359DC492E}.Debug|Any CPU.Build.0 = Debug|Any CPU
		{17695B5B-EF19-3FCA-9780-8C8359DC492E}.Release|Any CPU.ActiveCfg = Release|Any CPU
		{17695B5B-EF19-3FCA-9780-8C8359DC492E}.Release|Any CPU.Build.0 = Release|Any CPU
	EndGlobalSection
	GlobalSection(SolutionProperties) = preSolution
		HideSolutionNode = FALSE
	EndGlobalSection
EndGlobal
